{
  "name": "circletopolygon",
  "version": "1.0.0",
  "lockfileVersion": 2,
  "requires": true,
  "packages": {
    "": {
      "name": "circletopolygon",
      "version": "1.0.0",
      "license": "ISC",
      "dependencies": {
        "circle-to-polygon": "^2.2.0"
      }
    },
    "node_modules/circle-to-polygon": {
      "version": "2.2.0",
      "resolved": "https://registry.npmjs.org/circle-to-polygon/-/circle-to-polygon-2.2.0.tgz",
      "integrity": "sha512-yC9/bw6P0YmV2/oxm4DLrSgrzHhbz9H+vgUScmSFN5KilR/KFGVRbUi9a0mIYPsXK44HvnysVVi/iIysRJVvNw=="
    }
  },
  "dependencies": {
    "circle-to-polygon": {
      "version": "2.2.0",
      "resolved": "https://registry.npmjs.org/circle-to-polygon/-/circle-to-polygon-2.2.0.tgz",
      "integrity": "sha512-yC9/bw6P0YmV2/oxm4DLrSgrzHhbz9H+vgUScmSFN5KilR/KFGVRbUi9a0mIYPsXK44HvnysVVi/iIysRJVvNw=="
    }
  }
}
